// !$*UTF8*$!
{
	archiveVersion = 1;
	classes = {
	};
	objectVersion = 46;
	objects = {

/* Begin PBXBuildFile section */
		591D695C1A87A3E6001DDDC1 /* BRDialog.m in Sources */ = {isa = PBXBuildFile; fileRef = 591D695B1A87A3E6001DDDC1 /* BRDialog.m */; };
		5979B6B11A95950E00D60A40 /* BRSingleTaskDialog.m in Sources */ = {isa = PBXBuildFile; fileRef = 5979B6B01A95950E00D60A40 /* BRSingleTaskDialog.m */; };
		5979B6B41A9740CB00D60A40 /* alliance@2x.png in Resources */ = {isa = PBXBuildFile; fileRef = 5979B6B21A9740CB00D60A40 /* alliance@2x.png */; };
		5979B6B51A9740CC00D60A40 /* horde@2x.png in Resources */ = {isa = PBXBuildFile; fileRef = 5979B6B31A9740CB00D60A40 /* horde@2x.png */; };
		5979B6B71A97426300D60A40 /* neutral@2x.png in Resources */ = {isa = PBXBuildFile; fileRef = 5979B6B61A97426300D60A40 /* neutral@2x.png */; };
		5979B6BA1A975FAF00D60A40 /* BRTaskZoneModel.m in Sources */ = {isa = PBXBuildFile; fileRef = 5979B6B91A975FAF00D60A40 /* BRTaskZoneModel.m */; };
		59A813941A87091C0014AFC6 /* main.m in Sources */ = {isa = PBXBuildFile; fileRef = 59A813931A87091C0014AFC6 /* main.m */; };
		59A813971A87091C0014AFC6 /* AppDelegate.m in Sources */ = {isa = PBXBuildFile; fileRef = 59A813961A87091C0014AFC6 /* AppDelegate.m */; };
		59A8139A1A87091C0014AFC6 /* ViewController.m in Sources */ = {isa = PBXBuildFile; fileRef = 59A813991A87091C0014AFC6 /* ViewController.m */; };
		59A8139F1A87091C0014AFC6 /* Images.xcassets in Resources */ = {isa = PBXBuildFile; fileRef = 59A8139E1A87091C0014AFC6 /* Images.xcassets */; };
		59A813BD1A870A120014AFC6 /* BRScene.m in Sources */ = {isa = PBXBuildFile; fileRef = 59A813BC1A870A120014AFC6 /* BRScene.m */; };
		59A813BF1A870A8E0014AFC6 /* map0@2x.png in Resources */ = {isa = PBXBuildFile; fileRef = 59A813BE1A870A8E0014AFC6 /* map0@2x.png */; };
		59A813C21A8717E90014AFC6 /* BRMapModel.m in Sources */ = {isa = PBXBuildFile; fileRef = 59A813C11A8717E90014AFC6 /* BRMapModel.m */; };
		59A813C51A8717FC0014AFC6 /* BRTaskModel.m in Sources */ = {isa = PBXBuildFile; fileRef = 59A813C41A8717FC0014AFC6 /* BRTaskModel.m */; };
		59A813C81A8718990014AFC6 /* BRTownModel.m in Sources */ = {isa = PBXBuildFile; fileRef = 59A813C71A8718990014AFC6 /* BRTownModel.m */; };
		59A813CA1A871A5F0014AFC6 /* map01.plist in Resources */ = {isa = PBXBuildFile; fileRef = 59A813C91A871A5F0014AFC6 /* map01.plist */; };
		B2DF5A121A887F1F00318C95 /* task.plist in Resources */ = {isa = PBXBuildFile; fileRef = B2DF5A111A887F1F00318C95 /* task.plist */; };
		B2DF5A151A8882AE00318C95 /* BRTaskManger.m in Sources */ = {isa = PBXBuildFile; fileRef = B2DF5A141A8882AE00318C95 /* BRTaskManger.m */; };
		B2DF5A181A8885DA00318C95 /* BRAreaModel.m in Sources */ = {isa = PBXBuildFile; fileRef = B2DF5A171A8885DA00318C95 /* BRAreaModel.m */; };
/* End PBXBuildFile section */

/* Begin PBXFileReference section */
		591D695A1A87A3E6001DDDC1 /* BRDialog.h */ = {isa = PBXFileReference; fileEncoding = 4; lastKnownFileType = sourcecode.c.h; path = BRDialog.h; sourceTree = "<group>"; };
		591D695B1A87A3E6001DDDC1 /* BRDialog.m */ = {isa = PBXFileReference; fileEncoding = 4; lastKnownFileType = sourcecode.c.objc; path = BRDialog.m; sourceTree = "<group>"; };
		5979B6AF1A95950E00D60A40 /* BRSingleTaskDialog.h */ = {isa = PBXFileReference; fileEncoding = 4; lastKnownFileType = sourcecode.c.h; path = BRSingleTaskDialog.h; sourceTree = "<group>"; };
		5979B6B01A95950E00D60A40 /* BRSingleTaskDialog.m */ = {isa = PBXFileReference; fileEncoding = 4; lastKnownFileType = sourcecode.c.objc; path = BRSingleTaskDialog.m; sourceTree = "<group>"; };
		5979B6B21A9740CB00D60A40 /* alliance@2x.png */ = {isa = PBXFileReference; lastKnownFileType = image.png; path = "alliance@2x.png"; sourceTree = "<group>"; };
		5979B6B31A9740CB00D60A40 /* horde@2x.png */ = {isa = PBXFileReference; lastKnownFileType = image.png; path = "horde@2x.png"; sourceTree = "<group>"; };
		5979B6B61A97426300D60A40 /* neutral@2x.png */ = {isa = PBXFileReference; lastKnownFileType = image.png; path = "neutral@2x.png"; sourceTree = "<group>"; };
		5979B6B81A975FAF00D60A40 /* BRTaskZoneModel.h */ = {isa = PBXFileReference; fileEncoding = 4; lastKnownFileType = sourcecode.c.h; path = BRTaskZoneModel.h; sourceTree = "<group>"; };
		5979B6B91A975FAF00D60A40 /* BRTaskZoneModel.m */ = {isa = PBXFileReference; fileEncoding = 4; lastKnownFileType = sourcecode.c.objc; path = BRTaskZoneModel.m; sourceTree = "<group>"; };
		5979B6BB1A97732700D60A40 /* BRPublishHeader.h */ = {isa = PBXFileReference; lastKnownFileType = sourcecode.c.h; path = BRPublishHeader.h; sourceTree = "<group>"; };
		59A8138E1A87091C0014AFC6 /* Road.app */ = {isa = PBXFileReference; explicitFileType = wrapper.application; includeInIndex = 0; path = Road.app; sourceTree = BUILT_PRODUCTS_DIR; };
		59A813921A87091C0014AFC6 /* Info.plist */ = {isa = PBXFileReference; lastKnownFileType = text.plist.xml; path = Info.plist; sourceTree = "<group>"; };
		59A813931A87091C0014AFC6 /* main.m */ = {isa = PBXFileReference; lastKnownFileType = sourcecode.c.objc; path = main.m; sourceTree = "<group>"; };
		59A813951A87091C0014AFC6 /* AppDelegate.h */ = {isa = PBXFileReference; lastKnownFileType = sourcecode.c.h; path = AppDelegate.h; sourceTree = "<group>"; };
		59A813961A87091C0014AFC6 /* AppDelegate.m */ = {isa = PBXFileReference; lastKnownFileType = sourcecode.c.objc; path = AppDelegate.m; sourceTree = "<group>"; };
		59A813981A87091C0014AFC6 /* ViewController.h */ = {isa = PBXFileReference; lastKnownFileType = sourcecode.c.h; path = ViewController.h; sourceTree = "<group>"; };
		59A813991A87091C0014AFC6 /* ViewController.m */ = {isa = PBXFileReference; lastKnownFileType = sourcecode.c.objc; path = ViewController.m; sourceTree = "<group>"; };
		59A8139E1A87091C0014AFC6 /* Images.xcassets */ = {isa = PBXFileReference; lastKnownFileType = folder.assetcatalog; path = Images.xcassets; sourceTree = "<group>"; };
		59A813BB1A870A120014AFC6 /* BRScene.h */ = {isa = PBXFileReference; fileEncoding = 4; lastKnownFileType = sourcecode.c.h; path = BRScene.h; sourceTree = "<group>"; };
		59A813BC1A870A120014AFC6 /* BRScene.m */ = {isa = PBXFileReference; fileEncoding = 4; lastKnownFileType = sourcecode.c.objc; path = BRScene.m; sourceTree = "<group>"; };
		59A813BE1A870A8E0014AFC6 /* map0@2x.png */ = {isa = PBXFileReference; lastKnownFileType = image.png; path = "map0@2x.png"; sourceTree = "<group>"; };
		59A813C01A8717E90014AFC6 /* BRMapModel.h */ = {isa = PBXFileReference; fileEncoding = 4; lastKnownFileType = sourcecode.c.h; path = BRMapModel.h; sourceTree = "<group>"; };
		59A813C11A8717E90014AFC6 /* BRMapModel.m */ = {isa = PBXFileReference; fileEncoding = 4; lastKnownFileType = sourcecode.c.objc; path = BRMapModel.m; sourceTree = "<group>"; };
		59A813C31A8717FC0014AFC6 /* BRTaskModel.h */ = {isa = PBXFileReference; fileEncoding = 4; lastKnownFileType = sourcecode.c.h; path = BRTaskModel.h; sourceTree = "<group>"; };
		59A813C41A8717FC0014AFC6 /* BRTaskModel.m */ = {isa = PBXFileReference; fileEncoding = 4; lastKnownFileType = sourcecode.c.objc; path = BRTaskModel.m; sourceTree = "<group>"; };
		59A813C61A8718990014AFC6 /* BRTownModel.h */ = {isa = PBXFileReference; fileEncoding = 4; lastKnownFileType = sourcecode.c.h; path = BRTownModel.h; sourceTree = "<group>"; };
		59A813C71A8718990014AFC6 /* BRTownModel.m */ = {isa = PBXFileReference; fileEncoding = 4; lastKnownFileType = sourcecode.c.objc; path = BRTownModel.m; sourceTree = "<group>"; };
		59A813C91A871A5F0014AFC6 /* map01.plist */ = {isa = PBXFileReference; fileEncoding = 4; lastKnownFileType = text.plist.xml; path = map01.plist; sourceTree = "<group>"; };
		B2DF5A111A887F1F00318C95 /* task.plist */ = {isa = PBXFileReference; fileEncoding = 4; lastKnownFileType = text.plist.xml; path = task.plist; sourceTree = "<group>"; };
		B2DF5A131A8882AE00318C95 /* BRTaskManger.h */ = {isa = PBXFileReference; fileEncoding = 4; lastKnownFileType = sourcecode.c.h; path = BRTaskManger.h; sourceTree = "<group>"; };
		B2DF5A141A8882AE00318C95 /* BRTaskManger.m */ = {isa = PBXFileReference; fileEncoding = 4; lastKnownFileType = sourcecode.c.objc; path = BRTaskManger.m; sourceTree = "<group>"; };
		B2DF5A161A8885DA00318C95 /* BRAreaModel.h */ = {isa = PBXFileReference; fileEncoding = 4; lastKnownFileType = sourcecode.c.h; path = BRAreaModel.h; sourceTree = "<group>"; };
		B2DF5A171A8885DA00318C95 /* BRAreaModel.m */ = {isa = PBXFileReference; fileEncoding = 4; lastKnownFileType = sourcecode.c.objc; path = BRAreaModel.m; sourceTree = "<group>"; };
/* End PBXFileReference section */

/* Begin PBXFrameworksBuildPhase section */
		59A8138B1A87091C0014AFC6 /* Frameworks */ = {
			isa = PBXFrameworksBuildPhase;
			buildActionMask = 2147483647;
			files = (
			);
			runOnlyForDeploymentPostprocessing = 0;
		};
/* End PBXFrameworksBuildPhase section */

/* Begin PBXGroup section */
		59A813851A87091B0014AFC6 = {
			isa = PBXGroup;
			children = (
				59A813901A87091C0014AFC6 /* Road */,
				59A8138F1A87091C0014AFC6 /* Products */,
			);
			sourceTree = "<group>";
		};
		59A8138F1A87091C0014AFC6 /* Products */ = {
			isa = PBXGroup;
			children = (
				59A8138E1A87091C0014AFC6 /* Road.app */,
			);
			name = Products;
			sourceTree = "<group>";
		};
		59A813901A87091C0014AFC6 /* Road */ = {
			isa = PBXGroup;
			children = (
				59A813951A87091C0014AFC6 /* AppDelegate.h */,
				59A813961A87091C0014AFC6 /* AppDelegate.m */,
				59A813981A87091C0014AFC6 /* ViewController.h */,
				59A813991A87091C0014AFC6 /* ViewController.m */,
				59A813BB1A870A120014AFC6 /* BRScene.h */,
				59A813BC1A870A120014AFC6 /* BRScene.m */,
				59A813C01A8717E90014AFC6 /* BRMapModel.h */,
				59A813C11A8717E90014AFC6 /* BRMapModel.m */,
				B2DF5A161A8885DA00318C95 /* BRAreaModel.h */,
				B2DF5A171A8885DA00318C95 /* BRAreaModel.m */,
				59A813C61A8718990014AFC6 /* BRTownModel.h */,
				59A813C71A8718990014AFC6 /* BRTownModel.m */,
				5979B6B81A975FAF00D60A40 /* BRTaskZoneModel.h */,
				5979B6B91A975FAF00D60A40 /* BRTaskZoneModel.m */,
				59A813C31A8717FC0014AFC6 /* BRTaskModel.h */,
				59A813C41A8717FC0014AFC6 /* BRTaskModel.m */,
				591D695A1A87A3E6001DDDC1 /* BRDialog.h */,
				591D695B1A87A3E6001DDDC1 /* BRDialog.m */,
				5979B6AF1A95950E00D60A40 /* BRSingleTaskDialog.h */,
				5979B6B01A95950E00D60A40 /* BRSingleTaskDialog.m */,
				B2DF5A131A8882AE00318C95 /* BRTaskManger.h */,
				B2DF5A141A8882AE00318C95 /* BRTaskManger.m */,
				5979B6BB1A97732700D60A40 /* BRPublishHeader.h */,
				59A8139E1A87091C0014AFC6 /* Images.xcassets */,
				59A813911A87091C0014AFC6 /* Supporting Files */,
				59A813B71A8709860014AFC6 /* Resources */,
			);
			path = Road;
			sourceTree = "<group>";
		};
		59A813911A87091C0014AFC6 /* Supporting Files */ = {
			isa = PBXGroup;
			children = (
				59A813921A87091C0014AFC6 /* Info.plist */,
				59A813931A87091C0014AFC6 /* main.m */,
				59A813C91A871A5F0014AFC6 /* map01.plist */,
				B2DF5A111A887F1F00318C95 /* task.plist */,
			);
			name = "Supporting Files";
			sourceTree = "<group>";
		};
		59A813B71A8709860014AFC6 /* Resources */ = {
			isa = PBXGroup;
			children = (
				5979B6B61A97426300D60A40 /* neutral@2x.png */,
				5979B6B21A9740CB00D60A40 /* alliance@2x.png */,
				5979B6B31A9740CB00D60A40 /* horde@2x.png */,
				59A813B81A8709860014AFC6 /* Maps */,
			);
			path = Resources;
			sourceTree = "<group>";
		};
		59A813B81A8709860014AFC6 /* Maps */ = {
			isa = PBXGroup;
			children = (
				59A813BE1A870A8E0014AFC6 /* map0@2x.png */,
			);
			path = Maps;
			sourceTree = "<group>";
		};
/* End PBXGroup section */

/* Begin PBXNativeTarget section */
		59A8138D1A87091C0014AFC6 /* Road */ = {
			isa = PBXNativeTarget;
			buildConfigurationList = 59A813B11A87091C0014AFC6 /* Build configuration list for PBXNativeTarget "Road" */;
			buildPhases = (
				59A8138A1A87091C0014AFC6 /* Sources */,
				59A8138B1A87091C0014AFC6 /* Frameworks */,
				59A8138C1A87091C0014AFC6 /* Resources */,
			);
			buildRules = (
			);
			dependencies = (
			);
			name = Road;
			productName = Road;
			productReference = 59A8138E1A87091C0014AFC6 /* Road.app */;
			productType = "com.apple.product-type.application";
		};
/* End PBXNativeTarget section */

/* Begin PBXProject section */
		59A813861A87091B0014AFC6 /* Project object */ = {
			isa = PBXProject;
			attributes = {
				LastUpgradeCheck = 0610;
				ORGANIZATIONNAME = liunan;
				TargetAttributes = {
					59A8138D1A87091C0014AFC6 = {
						CreatedOnToolsVersion = 6.1.1;
					};
				};
			};
			buildConfigurationList = 59A813891A87091B0014AFC6 /* Build configuration list for PBXProject "Road" */;
			compatibilityVersion = "Xcode 3.2";
			developmentRegion = English;
			hasScannedForEncodings = 0;
			knownRegions = (
				en,
				Base,
			);
			mainGroup = 59A813851A87091B0014AFC6;
			productRefGroup = 59A8138F1A87091C0014AFC6 /* Products */;
			projectDirPath = "";
			projectRoot = "";
			targets = (
				59A8138D1A87091C0014AFC6 /* Road */,
			);
		};
/* End PBXProject section */

/* Begin PBXResourcesBuildPhase section */
		59A8138C1A87091C0014AFC6 /* Resources */ = {
			isa = PBXResourcesBuildPhase;
			buildActionMask = 2147483647;
			files = (
				5979B6B71A97426300D60A40 /* neutral@2x.png in Resources */,
				59A813CA1A871A5F0014AFC6 /* map01.plist in Resources */,
				5979B6B41A9740CB00D60A40 /* alliance@2x.png in Resources */,
				59A813BF1A870A8E0014AFC6 /* map0@2x.png in Resources */,
				5979B6B51A9740CC00D60A40 /* horde@2x.png in Resources */,
				59A8139F1A87091C0014AFC6 /* Images.xcassets in Resources */,
				B2DF5A121A887F1F00318C95 /* task.plist in Resources */,
			);
			runOnlyForDeploymentPostprocessing = 0;
		};
/* End PBXResourcesBuildPhase section */

/* Begin PBXSourcesBuildPhase section */
		59A8138A1A87091C0014AFC6 /* Sources */ = {
			isa = PBXSourcesBuildPhase;
			buildActionMask = 2147483647;
			files = (
				B2DF5A181A8885DA00318C95 /* BRAreaModel.m in Sources */,
				59A813C51A8717FC0014AFC6 /* BRTaskModel.m in Sources */,
				591D695C1A87A3E6001DDDC1 /* BRDialog.m in Sources */,
				B2DF5A151A8882AE00318C95 /* BRTaskManger.m in Sources */,
				5979B6BA1A975FAF00D60A40 /* BRTaskZoneModel.m in Sources */,
				59A8139A1A87091C0014AFC6 /* ViewController.m in Sources */,
				59A813971A87091C0014AFC6 /* AppDelegate.m in Sources */,
				59A813C81A8718990014AFC6 /* BRTownModel.m in Sources */,
				59A813BD1A870A120014AFC6 /* BRScene.m in Sources */,
				59A813C21A8717E90014AFC6 /* BRMapModel.m in Sources */,
				59A813941A87091C0014AFC6 /* main.m in Sources */,
				5979B6B11A95950E00D60A40 /* BRSingleTaskDialog.m in Sources */,
			);
			runOnlyForDeploymentPostprocessing = 0;
		};
/* End PBXSourcesBuildPhase section */

/* Begin XCBuildConfiguration section */
		59A813AF1A87091C0014AFC6 /* Debug */ = {
			isa = XCBuildConfiguration;
			buildSettings = {
				ALWAYS_SEARCH_USER_PATHS = NO;
				CLANG_CXX_LANGUAGE_STANDARD = "gnu++0x";
				CLANG_CXX_LIBRARY = "libc++";
				CLANG_ENABLE_MODULES = YES;
				CLANG_ENABLE_OBJC_ARC = YES;
				CLANG_WARN_BOOL_CONVERSION = YES;
				CLANG_WARN_CONSTANT_CONVERSION = YES;
				CLANG_WARN_DIRECT_OBJC_ISA_USAGE = YES_ERROR;
				CLANG_WARN_EMPTY_BODY = YES;
				CLANG_WARN_ENUM_CONVERSION = YES;
				CLANG_WARN_INT_CONVERSION = YES;
				CLANG_WARN_OBJC_ROOT_CLASS = YES_ERROR;
				CLANG_WARN_UNREACHABLE_CODE = YES;
				CLANG_WARN__DUPLICATE_METHOD_MATCH = YES;
				"CODE_SIGN_IDENTITY[sdk=iphoneos*]" = "iPhone Developer";
				COPY_PHASE_STRIP = NO;
				ENABLE_STRICT_OBJC_MSGSEND = YES;
				GCC_C_LANGUAGE_STANDARD = gnu99;
				GCC_DYNAMIC_NO_PIC = NO;
				GCC_OPTIMIZATION_LEVEL = 0;
				GCC_PREPROCESSOR_DEFINITIONS = (
					"DEBUG=1",
					"$(inherited)",
				);
				GCC_SYMBOLS_PRIVATE_EXTERN = NO;
				GCC_WARN_64_TO_32_BIT_CONVERSION = YES;
				GCC_WARN_ABOUT_RETURN_TYPE = YES_ERROR;
				GCC_WARN_UNDECLARED_SELECTOR = YES;
				GCC_WARN_UNINITIALIZED_AUTOS = YES_AGGRESSIVE;
				GCC_WARN_UNUSED_FUNCTION = YES;
				GCC_WARN_UNUSED_VARIABLE = YES;
				IPHONEOS_DEPLOYMENT_TARGET = 8.1;
				MTL_ENABLE_DEBUG_INFO = YES;
				ONLY_ACTIVE_ARCH = YES;
				SDKROOT = iphoneos;
				TARGETED_DEVICE_FAMILY = "1,2";
			};
			name = Debug;
		};
		59A813B01A87091C0014AFC6 /* Release */ = {
			isa = XCBuildConfiguration;
			buildSettings = {
				ALWAYS_SEARCH_USER_PATHS = NO;
				CLANG_CXX_LANGUAGE_STANDARD = "gnu++0x";
				CLANG_CXX_LIBRARY = "libc++";
				CLANG_ENABLE_MODULES = YES;
				CLANG_ENABLE_OBJC_ARC = YES;
				CLANG_WARN_BOOL_CONVERSION = YES;
				CLANG_WARN_CONSTANT_CONVERSION = YES;
				CLANG_WARN_DIRECT_OBJC_ISA_USAGE = YES_ERROR;
				CLANG_WARN_EMPTY_BODY = YES;
				CLANG_WARN_ENUM_CONVERSION = YES;
				CLANG_WARN_INT_CONVERSION = YES;
				CLANG_WARN_OBJC_ROOT_CLASS = YES_ERROR;
				CLANG_WARN_UNREACHABLE_CODE = YES;
				CLANG_WARN__DUPLICATE_METHOD_MATCH = YES;
				"CODE_SIGN_IDENTITY[sdk=iphoneos*]" = "iPhone Developer";
				COPY_PHASE_STRIP = YES;
				ENABLE_NS_ASSERTIONS = NO;
				ENABLE_STRICT_OBJC_MSGSEND = YES;
				GCC_C_LANGUAGE_STANDARD = gnu99;
				GCC_WARN_64_TO_32_BIT_CONVERSION = YES;
				GCC_WARN_ABOUT_RETURN_TYPE = YES_ERROR;
				GCC_WARN_UNDECLARED_SELECTOR = YES;
				GCC_WARN_UNINITIALIZED_AUTOS = YES_AGGRESSIVE;
				GCC_WARN_UNUSED_FUNCTION = YES;
				GCC_WARN_UNUSED_VARIABLE = YES;
				IPHONEOS_DEPLOYMENT_TARGET = 8.1;
				MTL_ENABLE_DEBUG_INFO = NO;
				SDKROOT = iphoneos;
				TARGETED_DEVICE_FAMILY = "1,2";
				VALIDATE_PRODUCT = YES;
			};
			name = Release;
		};
		59A813B21A87091C0014AFC6 /* Debug */ = {
			isa = XCBuildConfiguration;
			buildSettings = {
				ASSETCATALOG_COMPILER_APPICON_NAME = AppIcon;
				ASSETCATALOG_COMPILER_LAUNCHIMAGE_NAME = LaunchImage;
				INFOPLIST_FILE = Road/Info.plist;
				LD_RUNPATH_SEARCH_PATHS = "$(inherited) @executable_path/Frameworks";
				PRODUCT_NAME = "$(TARGET_NAME)";
			};
			name = Debug;
		};
		59A813B31A87091C0014AFC6 /* Release */ = {
			isa = XCBuildConfiguration;
			buildSettings = {
				ASSETCATALOG_COMPILER_APPICON_NAME = AppIcon;
				ASSETCATALOG_COMPILER_LAUNCHIMAGE_NAME = LaunchImage;
				INFOPLIST_FILE = Road/Info.plist;
				LD_RUNPATH_SEARCH_PATHS = "$(inherited) @executable_path/Frameworks";
				PRODUCT_NAME = "$(TARGET_NAME)";
			};
			name = Release;
		};
/* End XCBuildConfiguration section */

/* Begin XCConfigurationList section */
		59A813891A87091B0014AFC6 /* Build configuration list for PBXProject "Road" */ = {
			isa = XCConfigurationList;
			buildConfigurations = (
				59A813AF1A87091C0014AFC6 /* Debug */,
				59A813B01A87091C0014AFC6 /* Release */,
			);
			defaultConfigurationIsVisible = 0;
			defaultConfigurationName = Release;
		};
		59A813B11A87091C0014AFC6 /* Build configuration list for PBXNativeTarget "Road" */ = {
			isa = XCConfigurationList;
			buildConfigurations = (
				59A813B21A87091C0014AFC6 /* Debug */,
				59A813B31A87091C0014AFC6 /* Release */,
			);
			defaultConfigurationIsVisible = 0;
			defaultConfigurationName = Release;
		};
/* End XCConfigurationList section */
	};
	rootObject = 59A813861A87091B0014AFC6 /* Project object */;
}
